// !$*UTF8*$!
{
	archiveVersion = 1;
	classes = {
	};
	objectVersion = 50;
	objects = {

/* Begin PBXBuildFile section */
		8BBE536425EDEDE000FD13F0 /* AppDelegate.swift in Sources */ = {isa = PBXBuildFile; fileRef = 8BBE536325EDEDE000FD13F0 /* AppDelegate.swift */; };
		8BBE536625EDEDE000FD13F0 /* SceneDelegate.swift in Sources */ = {isa = PBXBuildFile; fileRef = 8BBE536525EDEDE000FD13F0 /* SceneDelegate.swift */; };
		8BBE536825EDEDE000FD13F0 /* ContentView.swift in Sources */ = {isa = PBXBuildFile; fileRef = 8BBE536725EDEDE000FD13F0 /* ContentView.swift */; };
		8BBE536A25EDEDF800FD13F0 /* Assets.xcassets in Resources */ = {isa = PBXBuildFile; fileRef = 8BBE536925EDEDF800FD13F0 /* Assets.xcassets */; };
		8BBE536D25EDEDF800FD13F0 /* Preview Assets.xcassets in Resources */ = {isa = PBXBuildFile; fileRef = 8BBE536C25EDEDF800FD13F0 /* Preview Assets.xcassets */; };
		8BBE537025EDEDF800FD13F0 /* LaunchScreen.storyboard in Resources */ = {isa = PBXBuildFile; fileRef = 8BBE536E25EDEDF800FD13F0 /* LaunchScreen.storyboard */; };
		8BBE537B25EDEDF800FD13F0 /* SampleAppTests.swift in Sources */ = {isa = PBXBuildFile; fileRef = 8BBE537A25EDEDF800FD13F0 /* SampleAppTests.swift */; };
		8BBE538625EDEDF800FD13F0 /* SampleAppUITests.swift in Sources */ = {isa = PBXBuildFile; fileRef = 8BBE538525EDEDF800FD13F0 /* SampleAppUITests.swift */; };
/* End PBXBuildFile section */

/* Begin PBXContainerItemProxy section */
		8BBE537725EDEDF800FD13F0 /* PBXContainerItemProxy */ = {
			isa = PBXContainerItemProxy;
			containerPortal = 8BBE535825EDEDE000FD13F0 /* Project object */;
			proxyType = 1;
			remoteGlobalIDString = 8BBE535F25EDEDE000FD13F0;
			remoteInfo = SampleApp;
		};
		8BBE538225EDEDF800FD13F0 /* PBXContainerItemProxy */ = {
			isa = PBXContainerItemProxy;
			containerPortal = 8BBE535825EDEDE000FD13F0 /* Project object */;
			proxyType = 1;
			remoteGlobalIDString = 8BBE535F25EDEDE000FD13F0;
			remoteInfo = SampleApp;
		};
/* End PBXContainerItemProxy section */

/* Begin PBXFileReference section */
		8BBE536025EDEDE000FD13F0 /* SampleApp.app */ = {isa = PBXFileReference; explicitFileType = wrapper.application; includeInIndex = 0; path = SampleApp.app; sourceTree = BUILT_PRODUCTS_DIR; };
		8BBE536325EDEDE000FD13F0 /* AppDelegate.swift */ = {isa = PBXFileReference; lastKnownFileType = sourcecode.swift; path = AppDelegate.swift; sourceTree = "<group>"; };
		8BBE536525EDEDE000FD13F0 /* SceneDelegate.swift */ = {isa = PBXFileReference; lastKnownFileType = sourcecode.swift; path = SceneDelegate.swift; sourceTree = "<group>"; };
		8BBE536725EDEDE000FD13F0 /* ContentView.swift */ = {isa = PBXFileReference; lastKnownFileType = sourcecode.swift; path = ContentView.swift; sourceTree = "<group>"; };
		8BBE536925EDEDF800FD13F0 /* Assets.xcassets */ = {isa = PBXFileReference; lastKnownFileType = folder.assetcatalog; path = Assets.xcassets; sourceTree = "<group>"; };
		8BBE536C25EDEDF800FD13F0 /* Preview Assets.xcassets */ = {isa = PBXFileReference; lastKnownFileType = folder.assetcatalog; path = "Preview Assets.xcassets"; sourceTree = "<group>"; };
		8BBE536F25EDEDF800FD13F0 /* Base */ = {isa = PBXFileReference; lastKnownFileType = file.storyboard; name = Base; path = Base.lproj/LaunchScreen.storyboard; sourceTree = "<group>"; };
		8BBE537125EDEDF800FD13F0 /* Info.plist */ = {isa = PBXFileReference; lastKnownFileType = text.plist.xml; path = Info.plist; sourceTree = "<group>"; };
		8BBE537625EDEDF800FD13F0 /* SampleAppTests.xctest */ = {isa = PBXFileReference; explicitFileType = wrapper.cfbundle; includeInIndex = 0; path = SampleAppTests.xctest; sourceTree = BUILT_PRODUCTS_DIR; };
		8BBE537A25EDEDF800FD13F0 /* SampleAppTests.swift */ = {isa = PBXFileReference; lastKnownFileType = sourcecode.swift; path = SampleAppTests.swift; sourceTree = "<group>"; };
		8BBE537C25EDEDF800FD13F0 /* Info.plist */ = {isa = PBXFileReference; lastKnownFileType = text.plist.xml; path = Info.plist; sourceTree = "<group>"; };
		8BBE538125EDEDF800FD13F0 /* SampleAppUITests.xctest */ = {isa = PBXFileReference; explicitFileType = wrapper.cfbundle; includeInIndex = 0; path = SampleAppUITests.xctest; sourceTree = BUILT_PRODUCTS_DIR; };
		8BBE538525EDEDF800FD13F0 /* SampleAppUITests.swift */ = {isa = PBXFileReference; lastKnownFileType = sourcecode.swift; path = SampleAppUITests.swift; sourceTree = "<group>"; };
		8BBE538725EDEDF800FD13F0 /* Info.plist */ = {isa = PBXFileReference; lastKnownFileType = text.plist.xml; path = Info.plist; sourceTree = "<group>"; };
/* End PBXFileReference section */

/* Begin PBXFrameworksBuildPhase section */
		8BBE535D25EDEDE000FD13F0 /* Frameworks */ = {
			isa = PBXFrameworksBuildPhase;
			buildActionMask = 2147483647;
			files = (
			);
			runOnlyForDeploymentPostprocessing = 0;
		};
		8BBE537325EDEDF800FD13F0 /* Frameworks */ = {
			isa = PBXFrameworksBuildPhase;
			buildActionMask = 2147483647;
			files = (
			);
			runOnlyForDeploymentPostprocessing = 0;
		};
		8BBE537E25EDEDF800FD13F0 /* Frameworks */ = {
			isa = PBXFrameworksBuildPhase;
			buildActionMask = 2147483647;
			files = (
			);
			runOnlyForDeploymentPostprocessing = 0;
		};
/* End PBXFrameworksBuildPhase section */

/* Begin PBXGroup section */
		8BBE535725EDEDE000FD13F0 = {
			isa = PBXGroup;
			children = (
				8BBE536225EDEDE000FD13F0 /* SampleApp */,
				8BBE537925EDEDF800FD13F0 /* SampleAppTests */,
				8BBE538425EDEDF800FD13F0 /* SampleAppUITests */,
				8BBE536125EDEDE000FD13F0 /* Products */,
			);
			sourceTree = "<group>";
		};
		8BBE536125EDEDE000FD13F0 /* Products */ = {
			isa = PBXGroup;
			children = (
				8BBE536025EDEDE000FD13F0 /* SampleApp.app */,
				8BBE537625EDEDF800FD13F0 /* SampleAppTests.xctest */,
				8BBE538125EDEDF800FD13F0 /* SampleAppUITests.xctest */,
			);
			name = Products;
			sourceTree = "<group>";
		};
		8BBE536225EDEDE000FD13F0 /* SampleApp */ = {
			isa = PBXGroup;
			children = (
				8BBE536325EDEDE000FD13F0 /* AppDelegate.swift */,
				8BBE536525EDEDE000FD13F0 /* SceneDelegate.swift */,
				8BBE536725EDEDE000FD13F0 /* ContentView.swift */,
				8BBE536925EDEDF800FD13F0 /* Assets.xcassets */,
				8BBE536E25EDEDF800FD13F0 /* LaunchScreen.storyboard */,
				8BBE537125EDEDF800FD13F0 /* Info.plist */,
				8BBE536B25EDEDF800FD13F0 /* Preview Content */,
			);
			path = SampleApp;
			sourceTree = "<group>";
		};
		8BBE536B25EDEDF800FD13F0 /* Preview Content */ = {
			isa = PBXGroup;
			children = (
				8BBE536C25EDEDF800FD13F0 /* Preview Assets.xcassets */,
			);
			path = "Preview Content";
			sourceTree = "<group>";
		};
		8BBE537925EDEDF800FD13F0 /* SampleAppTests */ = {
			isa = PBXGroup;
			children = (
				8BBE537A25EDEDF800FD13F0 /* SampleAppTests.swift */,
				8BBE537C25EDEDF800FD13F0 /* Info.plist */,
			);
			path = SampleAppTests;
			sourceTree = "<group>";
		};
		8BBE538425EDEDF800FD13F0 /* SampleAppUITests */ = {
			isa = PBXGroup;
			children = (
				8BBE538525EDEDF800FD13F0 /* SampleAppUITests.swift */,
				8BBE538725EDEDF800FD13F0 /* Info.plist */,
			);
			path = SampleAppUITests;
			sourceTree = "<group>";
		};
/* End PBXGroup section */

/* Begin PBXNativeTarget section */
		8BBE535F25EDEDE000FD13F0 /* SampleApp */ = {
			isa = PBXNativeTarget;
			buildConfigurationList = 8BBE538A25EDEDF800FD13F0 /* Build configuration list for PBXNativeTarget "SampleApp" */;
			buildPhases = (
				8BBE535C25EDEDE000FD13F0 /* Sources */,
				8BBE535D25EDEDE000FD13F0 /* Frameworks */,
				8BBE535E25EDEDE000FD13F0 /* Resources */,
			);
			buildRules = (
			);
			dependencies = (
			);
			name = SampleApp;
			productName = SampleApp;
			productReference = 8BBE536025EDEDE000FD13F0 /* SampleApp.app */;
			productType = "com.apple.product-type.application";
		};
		8BBE537525EDEDF800FD13F0 /* SampleAppTests */ = {
			isa = PBXNativeTarget;
			buildConfigurationList = 8BBE538D25EDEDF800FD13F0 /* Build configuration list for PBXNativeTarget "SampleAppTests" */;
			buildPhases = (
				8BBE537225EDEDF800FD13F0 /* Sources */,
				8BBE537325EDEDF800FD13F0 /* Frameworks */,
				8BBE537425EDEDF800FD13F0 /* Resources */,
			);
			buildRules = (
			);
			dependencies = (
				8BBE537825EDEDF800FD13F0 /* PBXTargetDependency */,
			);
			name = SampleAppTests;
			productName = SampleAppTests;
			productReference = 8BBE537625EDEDF800FD13F0 /* SampleAppTests.xctest */;
			productType = "com.apple.product-type.bundle.unit-test";
		};
		8BBE538025EDEDF800FD13F0 /* SampleAppUITests */ = {
			isa = PBXNativeTarget;
			buildConfigurationList = 8BBE539025EDEDF800FD13F0 /* Build configuration list for PBXNativeTarget "SampleAppUITests" */;
			buildPhases = (
				8BBE537D25EDEDF800FD13F0 /* Sources */,
				8BBE537E25EDEDF800FD13F0 /* Frameworks */,
				8BBE537F25EDEDF800FD13F0 /* Resources */,
			);
			buildRules = (
			);
			dependencies = (
				8BBE538325EDEDF800FD13F0 /* PBXTargetDependency */,
			);
			name = SampleAppUITests;
			productName = SampleAppUITests;
			productReference = 8BBE538125EDEDF800FD13F0 /* SampleAppUITests.xctest */;
			productType = "com.apple.product-type.bundle.ui-testing";
		};
/* End PBXNativeTarget section */

/* Begin PBXProject section */
		8BBE535825EDEDE000FD13F0 /* Project object */ = {
			isa = PBXProject;
			attributes = {
				LastSwiftUpdateCheck = 1130;
				LastUpgradeCheck = 1130;
				TargetAttributes = {
					8BBE535F25EDEDE000FD13F0 = {
						CreatedOnToolsVersion = 11.3.1;
					};
					8BBE537525EDEDF800FD13F0 = {
						CreatedOnToolsVersion = 11.3.1;
						TestTargetID = 8BBE535F25EDEDE000FD13F0;
					};
					8BBE538025EDEDF800FD13F0 = {
						CreatedOnToolsVersion = 11.3.1;
						TestTargetID = 8BBE535F25EDEDE000FD13F0;
					};
				};
			};
			buildConfigurationList = 8BBE535B25EDEDE000FD13F0 /* Build configuration list for PBXProject "SampleApp" */;
			compatibilityVersion = "Xcode 9.3";
			developmentRegion = en;
			hasScannedForEncodings = 0;
			knownRegions = (
				en,
				Base,
			);
			mainGroup = 8BBE535725EDEDE000FD13F0;
			productRefGroup = 8BBE536125EDEDE000FD13F0 /* Products */;
			projectDirPath = "";
			projectRoot = "";
			targets = (
				8BBE535F25EDEDE000FD13F0 /* SampleApp */,
				8BBE537525EDEDF800FD13F0 /* SampleAppTests */,
				8BBE538025EDEDF800FD13F0 /* SampleAppUITests */,
			);
		};
/* End PBXProject section */

/* Begin PBXResourcesBuildPhase section */
		8BBE535E25EDEDE000FD13F0 /* Resources */ = {
			isa = PBXResourcesBuildPhase;
			buildActionMask = 2147483647;
			files = (
				8BBE537025EDEDF800FD13F0 /* LaunchScreen.storyboard in Resources */,
				8BBE536D25EDEDF800FD13F0 /* Preview Assets.xcassets in Resources */,
				8BBE536A25EDEDF800FD13F0 /* Assets.xcassets in Resources */,
			);
			runOnlyForDeploymentPostprocessing = 0;
		};
		8BBE537425EDEDF800FD13F0 /* Resources */ = {
			isa = PBXResourcesBuildPhase;
			buildActionMask = 2147483647;
			files = (
			);
			runOnlyForDeploymentPostprocessing = 0;
		};
		8BBE537F25EDEDF800FD13F0 /* Resources */ = {
			isa = PBXResourcesBuildPhase;
			buildActionMask = 2147483647;
			files = (
			);
			runOnlyForDeploymentPostprocessing = 0;
		};
/* End PBXResourcesBuildPhase section */

/* Begin PBXSourcesBuildPhase section */
		8BBE535C25EDEDE000FD13F0 /* Sources */ = {
			isa = PBXSourcesBuildPhase;
			buildActionMask = 2147483647;
			files = (
				8BBE536425EDEDE000FD13F0 /* AppDelegate.swift in Sources */,
				8BBE536625EDEDE000FD13F0 /* SceneDelegate.swift in Sources */,
				8BBE536825EDEDE000FD13F0 /* ContentView.swift in Sources */,
			);
			runOnlyForDeploymentPostprocessing = 0;
		};
		8BBE537225EDEDF800FD13F0 /* Sources */ = {
			isa = PBXSourcesBuildPhase;
			buildActionMask = 2147483647;
			files = (
				8BBE537B25EDEDF800FD13F0 /* SampleAppTests.swift in Sources */,
			);
			runOnlyForDeploymentPostprocessing = 0;
		};
		8BBE537D25EDEDF800FD13F0 /* Sources */ = {
			isa = PBXSourcesBuildPhase;
			buildActionMask = 2147483647;
			files = (
				8BBE538625EDEDF800FD13F0 /* SampleAppUITests.swift in Sources */,
			);
			runOnlyForDeploymentPostprocessing = 0;
		};
/* End PBXSourcesBuildPhase section */

/* Begin PBXTargetDependency section */
		8BBE537825EDEDF800FD13F0 /* PBXTargetDependency */ = {
			isa = PBXTargetDependency;
			target = 8BBE535F25EDEDE000FD13F0 /* SampleApp */;
			targetProxy = 8BBE537725EDEDF800FD13F0 /* PBXContainerItemProxy */;
		};
		8BBE538325EDEDF800FD13F0 /* PBXTargetDependency */ = {
			isa = PBXTargetDependency;
			target = 8BBE535F25EDEDE000FD13F0 /* SampleApp */;
			targetProxy = 8BBE538225EDEDF800FD13F0 /* PBXContainerItemProxy */;
		};
/* End PBXTargetDependency section */

/* Begin PBXVariantGroup section */
		8BBE536E25EDEDF800FD13F0 /* LaunchScreen.storyboard */ = {
			isa = PBXVariantGroup;
			children = (
				8BBE536F25EDEDF800FD13F0 /* Base */,
			);
			name = LaunchScreen.storyboard;
			sourceTree = "<group>";
		};
/* End PBXVariantGroup section */

/* Begin XCBuildConfiguration section */
		8BBE538825EDEDF800FD13F0 /* Debug */ = {
			isa = XCBuildConfiguration;
			buildSettings = {
				ALWAYS_SEARCH_USER_PATHS = NO;
				CLANG_ANALYZER_NONNULL = YES;
				CLANG_ANALYZER_NUMBER_OBJECT_CONVERSION = YES_AGGRESSIVE;
				CLANG_CXX_LANGUAGE_STANDARD = "gnu++14";
				CLANG_CXX_LIBRARY = "libc++";
				CLANG_ENABLE_MODULES = YES;
				CLANG_ENABLE_OBJC_ARC = YES;
				CLANG_ENABLE_OBJC_WEAK = YES;
				CLANG_WARN_BLOCK_CAPTURE_AUTORELEASING = YES;
				CLANG_WARN_BOOL_CONVERSION = YES;
				CLANG_WARN_COMMA = YES;
				CLANG_WARN_CONSTANT_CONVERSION = YES;
				CLANG_WARN_DEPRECATED_OBJC_IMPLEMENTATIONS = YES;
				CLANG_WARN_DIRECT_OBJC_ISA_USAGE = YES_ERROR;
				CLANG_WARN_DOCUMENTATION_COMMENTS = YES;
				CLANG_WARN_EMPTY_BODY = YES;
				CLANG_WARN_ENUM_CONVERSION = YES;
				CLANG_WARN_INFINITE_RECURSION = YES;
				CLANG_WARN_INT_CONVERSION = YES;
				CLANG_WARN_NON_LITERAL_NULL_CONVERSION = YES;
				CLANG_WARN_OBJC_IMPLICIT_RETAIN_SELF = YES;
				CLANG_WARN_OBJC_LITERAL_CONVERSION = YES;
				CLANG_WARN_OBJC_ROOT_CLASS = YES_ERROR;
				CLANG_WARN_RANGE_LOOP_ANALYSIS = YES;
				CLANG_WARN_STRICT_PROTOTYPES = YES;
				CLANG_WARN_SUSPICIOUS_MOVE = YES;
				CLANG_WARN_UNGUARDED_AVAILABILITY = YES_AGGRESSIVE;
				CLANG_WARN_UNREACHABLE_CODE = YES;
				CLANG_WARN__DUPLICATE_METHOD_MATCH = YES;
				COPY_PHASE_STRIP = NO;
				DEBUG_INFORMATION_FORMAT = dwarf;
				ENABLE_STRICT_OBJC_MSGSEND = YES;
				ENABLE_TESTABILITY = YES;
				GCC_C_LANGUAGE_STANDARD = gnu11;
				GCC_DYNAMIC_NO_PIC = NO;
				GCC_NO_COMMON_BLOCKS = YES;
				GCC_OPTIMIZATION_LEVEL = 0;
				GCC_PREPROCESSOR_DEFINITIONS = (
					"DEBUG=1",
					"$(inherited)",
				);
				GCC_WARN_64_TO_32_BIT_CONVERSION = YES;
				GCC_WARN_ABOUT_RETURN_TYPE = YES_ERROR;
				GCC_WARN_UNDECLARED_SELECTOR = YES;
				GCC_WARN_UNINITIALIZED_AUTOS = YES_AGGRESSIVE;
				GCC_WARN_UNUSED_FUNCTION = YES;
				GCC_WARN_UNUSED_VARIABLE = YES;
				IPHONEOS_DEPLOYMENT_TARGET = 13.2;
				MTL_ENABLE_DEBUG_INFO = INCLUDE_SOURCE;
				MTL_FAST_MATH = YES;
				ONLY_ACTIVE_ARCH = YES;
				SDKROOT = iphoneos;
				SWIFT_ACTIVE_COMPILATION_CONDITIONS = DEBUG;
				SWIFT_OPTIMIZATION_LEVEL = "-Onone";
			};
			name = Debug;
		};
		8BBE538925EDEDF800FD13F0 /* Release */ = {
			isa = XCBuildConfiguration;
			buildSettings = {
				ALWAYS_SEARCH_USER_PATHS = NO;
				CLANG_ANALYZER_NONNULL = YES;
				CLANG_ANALYZER_NUMBER_OBJECT_CONVERSION = YES_AGGRESSIVE;
				CLANG_CXX_LANGUAGE_STANDARD = "gnu++14";
				CLANG_CXX_LIBRARY = "libc++";
				CLANG_ENABLE_MODULES = YES;
				CLANG_ENABLE_OBJC_ARC = YES;
				CLANG_ENABLE_OBJC_WEAK = YES;
				CLANG_WARN_BLOCK_CAPTURE_AUTORELEASING = YES;
				CLANG_WARN_BOOL_CONVERSION = YES;
				CLANG_WARN_COMMA = YES;
				CLANG_WARN_CONSTANT_CONVERSION = YES;
				CLANG_WARN_DEPRECATED_OBJC_IMPLEMENTATIONS = YES;
				CLANG_WARN_DIRECT_OBJC_ISA_USAGE = YES_ERROR;
				CLANG_WARN_DOCUMENTATION_COMMENTS = YES;
				CLANG_WARN_EMPTY_BODY = YES;
				CLANG_WARN_ENUM_CONVERSION = YES;
				CLANG_WARN_INFINITE_RECURSION = YES;
				CLANG_WARN_INT_CONVERSION = YES;
				CLANG_WARN_NON_LITERAL_NULL_CONVERSION = YES;
				CLANG_WARN_OBJC_IMPLICIT_RETAIN_SELF = YES;
				CLANG_WARN_OBJC_LITERAL_CONVERSION = YES;
				CLANG_WARN_OBJC_ROOT_CLASS = YES_ERROR;
				CLANG_WARN_RANGE_LOOP_ANALYSIS = YES;
				CLANG_WARN_STRICT_PROTOTYPES = YES;
				CLANG_WARN_SUSPICIOUS_MOVE = YES;
				CLANG_WARN_UNGUARDED_AVAILABILITY = YES_AGGRESSIVE;
				CLANG_WARN_UNREACHABLE_CODE = YES;
				CLANG_WARN__DUPLICATE_METHOD_MATCH = YES;
				COPY_PHASE_STRIP = NO;
				DEBUG_INFORMATION_FORMAT = "dwarf-with-dsym";
				ENABLE_NS_ASSERTIONS = NO;
				ENABLE_STRICT_OBJC_MSGSEND = YES;
				GCC_C_LANGUAGE_STANDARD = gnu11;
				GCC_NO_COMMON_BLOCKS = YES;
				GCC_WARN_64_TO_32_BIT_CONVERSION = YES;
				GCC_WARN_ABOUT_RETURN_TYPE = YES_ERROR;
				GCC_WARN_UNDECLARED_SELECTOR = YES;
				GCC_WARN_UNINITIALIZED_AUTOS = YES_AGGRESSIVE;
				GCC_WARN_UNUSED_FUNCTION = YES;
				GCC_WARN_UNUSED_VARIABLE = YES;
				IPHONEOS_DEPLOYMENT_TARGET = 13.2;
				MTL_ENABLE_DEBUG_INFO = NO;
				MTL_FAST_MATH = YES;
				SDKROOT = iphoneos;
				SWIFT_COMPILATION_MODE = wholemodule;
				SWIFT_OPTIMIZATION_LEVEL = "-O";
				VALIDATE_PRODUCT = YES;
			};
			name = Release;
		};
		8BBE538B25EDEDF800FD13F0 /* Debug */ = {
			isa = XCBuildConfiguration;
			buildSettings = {
				ASSETCATALOG_COMPILER_APPICON_NAME = AppIcon;
				CODE_SIGN_STYLE = Automatic;
				DEVELOPMENT_ASSET_PATHS = "\"SampleApp/Preview Content\"";
				ENABLE_PREVIEWS = YES;
				INFOPLIST_FILE = SampleApp/Info.plist;
				LD_RUNPATH_SEARCH_PATHS = (
					"$(inherited)",
					"@executable_path/Frameworks",
				);
				PRODUCT_BUNDLE_IDENTIFIER = com.stealthdev.SampleApp;
				PRODUCT_NAME = "$(TARGET_NAME)";
				SWIFT_VERSION = 5.0;
				TARGETED_DEVICE_FAMILY = "1,2";
			};
			name = Debug;
		};
		8BBE538C25EDEDF800FD13F0 /* Release */ = {
			isa = XCBuildConfiguration;
			buildSettings = {
				ASSETCATALOG_COMPILER_APPICON_NAME = AppIcon;
				CODE_SIGN_STYLE = Automatic;
				DEVELOPMENT_ASSET_PATHS = "\"SampleApp/Preview Content\"";
				ENABLE_PREVIEWS = YES;
				INFOPLIST_FILE = SampleApp/Info.plist;
				LD_RUNPATH_SEARCH_PATHS = (
					"$(inherited)",
					"@executable_path/Frameworks",
				);
				PRODUCT_BUNDLE_IDENTIFIER = com.stealthdev.SampleApp;
				PRODUCT_NAME = "$(TARGET_NAME)";
				SWIFT_VERSION = 5.0;
				TARGETED_DEVICE_FAMILY = "1,2";
			};
			name = Release;
		};
		8BBE538E25EDEDF800FD13F0 /* Debug */ = {
			isa = XCBuildConfiguration;
			buildSettings = {
				ALWAYS_EMBED_SWIFT_STANDARD_LIBRARIES = YES;
				BUNDLE_LOADER = "$(TEST_HOST)";
				CODE_SIGN_STYLE = Automatic;
				INFOPLIST_FILE = SampleAppTests/Info.plist;
				IPHONEOS_DEPLOYMENT_TARGET = 13.2;
				LD_RUNPATH_SEARCH_PATHS = (
					"$(inherited)",
					"@executable_path/Frameworks",
					"@loader_path/Frameworks",
				);
				PRODUCT_BUNDLE_IDENTIFIER = com.stealthdev.SampleAppTests;
				PRODUCT_NAME = "$(TARGET_NAME)";
				SWIFT_VERSION = 5.0;
				TARGETED_DEVICE_FAMILY = "1,2";
				TEST_HOST = "$(BUILT_PRODUCTS_DIR)/SampleApp.app/SampleApp";
			};
			name = Debug;
		};
		8BBE538F25EDEDF800FD13F0 /* Release */ = {
			isa = XCBuildConfiguration;
			buildSettings = {
				ALWAYS_EMBED_SWIFT_STANDARD_LIBRARIES = YES;
				BUNDLE_LOADER = "$(TEST_HOST)";
				CODE_SIGN_STYLE = Automatic;
				INFOPLIST_FILE = SampleAppTests/Info.plist;
				IPHONEOS_DEPLOYMENT_TARGET = 13.2;
				LD_RUNPATH_SEARCH_PATHS = (
					"$(inherited)",
					"@executable_path/Frameworks",
					"@loader_path/Frameworks",
				);
				PRODUCT_BUNDLE_IDENTIFIER = com.stealthdev.SampleAppTests;
				PRODUCT_NAME = "$(TARGET_NAME)";
				SWIFT_VERSION = 5.0;
				TARGETED_DEVICE_FAMILY = "1,2";
				TEST_HOST = "$(BUILT_PRODUCTS_DIR)/SampleApp.app/SampleApp";
			};
			name = Release;
		};
		8BBE539125EDEDF800FD13F0 /* Debug */ = {
			isa = XCBuildConfiguration;
			buildSettings = {
				ALWAYS_EMBED_SWIFT_STANDARD_LIBRARIES = YES;
				CODE_SIGN_STYLE = Automatic;
				INFOPLIST_FILE = SampleAppUITests/Info.plist;
				LD_RUNPATH_SEARCH_PATHS = (
					"$(inherited)",
					"@executable_path/Frameworks",
					"@loader_path/Frameworks",
				);
				PRODUCT_BUNDLE_IDENTIFIER = com.stealthdev.SampleAppUITests;
				PRODUCT_NAME = "$(TARGET_NAME)";
				SWIFT_VERSION = 5.0;
				TARGETED_DEVICE_FAMILY = "1,2";
				TEST_TARGET_NAME = SampleApp;
			};
			name = Debug;
		};
		8BBE539225EDEDF800FD13F0 /* Release */ = {
			isa = XCBuildConfiguration;
			buildSettings = {
				ALWAYS_EMBED_SWIFT_STANDARD_LIBRARIES = YES;
				CODE_SIGN_STYLE = Automatic;
				INFOPLIST_FILE = SampleAppUITests/Info.plist;
				LD_RUNPATH_SEARCH_PATHS = (
					"$(inherited)",
					"@executable_path/Frameworks",
					"@loader_path/Frameworks",
				);
				PRODUCT_BUNDLE_IDENTIFIER = com.stealthdev.SampleAppUITests;
				PRODUCT_NAME = "$(TARGET_NAME)";
				SWIFT_VERSION = 5.0;
				TARGETED_DEVICE_FAMILY = "1,2";
				TEST_TARGET_NAME = SampleApp;
			};
			name = Release;
		};
/* End XCBuildConfiguration section */

/* Begin XCConfigurationList section */
		8BBE535B25EDEDE000FD13F0 /* Build configuration list for PBXProject "SampleApp" */ = {
			isa = XCConfigurationList;
			buildConfigurations = (
				8BBE538825EDEDF800FD13F0 /* Debug */,
				8BBE538925EDEDF800FD13F0 /* Release */,
			);
			defaultConfigurationIsVisible = 0;
			defaultConfigurationName = Release;
		};
		8BBE538A25EDEDF800FD13F0 /* Build configuration list for PBXNativeTarget "SampleApp" */ = {
			isa = XCConfigurationList;
			buildConfigurations = (
				8BBE538B25EDEDF800FD13F0 /* Debug */,
				8BBE538C25EDEDF800FD13F0 /* Release */,
			);
			defaultConfigurationIsVisible = 0;
			defaultConfigurationName = Release;
		};
		8BBE538D25EDEDF800FD13F0 /* Build configuration list for PBXNativeTarget "SampleAppTests" */ = {
			isa = XCConfigurationList;
			buildConfigurations = (
				8BBE538E25EDEDF800FD13F0 /* Debug */,
				8BBE538F25EDEDF800FD13F0 /* Release */,
			);
			defaultConfigurationIsVisible = 0;
			defaultConfigurationName = Release;
		};
		8BBE539025EDEDF800FD13F0 /* Build configuration list for PBXNativeTarget "SampleAppUITests" */ = {
			isa = XCConfigurationList;
			buildConfigurations = (
				8BBE539125EDEDF800FD13F0 /* Debug */,
				8BBE539225EDEDF800FD13F0 /* Release */,
			);
			defaultConfigurationIsVisible = 0;
			defaultConfigurationName = Release;
		};
/* End XCConfigurationList section */
	};
	rootObject = 8BBE535825EDEDE000FD13F0 /* Project object */;
}
